
Microsoft Visual Studio Solution File, Format Version 12.00
# Visual Studio Version 16
VisualStudioVersion = 16.0.30204.135
MinimumVisualStudioVersion = 10.0.40219.1
Project("{FAE04EC0-301F-11D3-BF4B-00C04F79EFBC}") = "WebGit1", "WebGit1.csproj", "{128382CE-9CD0-44FA-B64E-27D4E9AB6638}"
EndProject
Global
	GlobalSection(SolutionConfigurationPlatforms) = preSolution
		Debug|Any CPU = Debug|Any CPU
		Release|Any CPU = Release|Any CPU
	EndGlobalSection
	GlobalSection(ProjectConfigurationPlatforms) = postSolution
		{128382CE-9CD0-44FA-B64E-27D4E9AB6638}.Debug|Any CPU.ActiveCfg = Debug|Any CPU
		{128382CE-9CD0-44FA-B64E-27D4E9AB6638}.Debug|Any CPU.Build.0 = Debug|Any CPU
		{128382CE-9CD0-44FA-B64E-27D4E9AB6638}.Release|Any CPU.ActiveCfg = Release|Any CPU
		{128382CE-9CD0-44FA-B64E-27D4E9AB6638}.Release|Any CPU.Build.0 = Release|Any CPU
	EndGlobalSection
	GlobalSection(SolutionProperties) = preSolution
		HideSolutionNode = FALSE
	EndGlobalSection
	GlobalSection(ExtensibilityGlobals) = postSolution
		SolutionGuid = {431882CE-1004-40CD-AF27-65F92DE91608}
	EndGlobalSection
EndGlobal
